
Microsoft Visual Studio Solution File, Format Version 10.00
# Visual Studio 2008
Project("{FAE04EC0-301F-11D3-BF4B-00C04F79EFBC}") = "PasswordGenerator", "PasswordGenerator\PasswordGenerator.csproj", "{B98A119C-6C18-4821-8D59-40A78871F257}"
EndProject
Project("{FAE04EC0-301F-11D3-BF4B-00C04F79EFBC}") = "PasswordGeneratorTestApp", "PasswordGeneratorTestApp\PasswordGeneratorTestApp.csproj", "{04B9F325-31D1-4F1A-B8E4-2589AF06943A}"
EndProject
Project("{FAE04EC0-301F-11D3-BF4B-00C04F79EFBC}") = "PasswordGeneratorTests", "PasswordGeneratorTests\PasswordGeneratorTests.csproj", "{4C306BC9-9276-4842-B4AB-94F06D8F6991}"
EndProject
Global
	GlobalSection(SolutionConfigurationPlatforms) = preSolution
		Debug|Any CPU = Debug|Any CPU
		Release|Any CPU = Release|Any CPU
		Default|Any CPU = Default|Any CPU
	EndGlobalSection
	GlobalSection(ProjectConfigurationPlatforms) = postSolution
		{04B9F325-31D1-4F1A-B8E4-2589AF06943A}.Debug|Any CPU.ActiveCfg = Debug|Any CPU
		{04B9F325-31D1-4F1A-B8E4-2589AF06943A}.Debug|Any CPU.Build.0 = Debug|Any CPU
		{04B9F325-31D1-4F1A-B8E4-2589AF06943A}.Release|Any CPU.ActiveCfg = Release|Any CPU
		{04B9F325-31D1-4F1A-B8E4-2589AF06943A}.Release|Any CPU.Build.0 = Release|Any CPU
		{4C306BC9-9276-4842-B4AB-94F06D8F6991}.Debug|Any CPU.ActiveCfg = Debug|Any CPU
		{4C306BC9-9276-4842-B4AB-94F06D8F6991}.Debug|Any CPU.Build.0 = Debug|Any CPU
		{4C306BC9-9276-4842-B4AB-94F06D8F6991}.Default|Any CPU.ActiveCfg = Debug|Any CPU
		{4C306BC9-9276-4842-B4AB-94F06D8F6991}.Default|Any CPU.Build.0 = Debug|Any CPU
		{4C306BC9-9276-4842-B4AB-94F06D8F6991}.Release|Any CPU.ActiveCfg = Release|Any CPU
		{4C306BC9-9276-4842-B4AB-94F06D8F6991}.Release|Any CPU.Build.0 = Release|Any CPU
		{B98A119C-6C18-4821-8D59-40A78871F257}.Debug|Any CPU.ActiveCfg = Debug|Any CPU
		{B98A119C-6C18-4821-8D59-40A78871F257}.Debug|Any CPU.Build.0 = Debug|Any CPU
		{B98A119C-6C18-4821-8D59-40A78871F257}.Release|Any CPU.ActiveCfg = Release|Any CPU
		{B98A119C-6C18-4821-8D59-40A78871F257}.Release|Any CPU.Build.0 = Release|Any CPU
	EndGlobalSection
	GlobalSection(MonoDevelopProperties) = preSolution
		StartupItem = PasswordGeneratorTestApp\PasswordGeneratorTestApp.csproj
	EndGlobalSection
EndGlobal
