
Microsoft Visual Studio Solution File, Format Version 11.00
# Visual C# Express 2010
Project("{FAE04EC0-301F-11D3-BF4B-00C04F79EFBC}") = "PasswordGenerator_Win", "PasswordGenerator_Win\PasswordGenerator_Win.csproj", "{1485389C-C21F-4205-906F-5B39D56A742E}"
EndProject
Project("{FAE04EC0-301F-11D3-BF4B-00C04F79EFBC}") = "PasswordGenerator", "..\PasswordGeneratorLib\PasswordGenerator\PasswordGenerator.csproj", "{B98A119C-6C18-4821-8D59-40A78871F257}"
EndProject
Global
	GlobalSection(SolutionConfigurationPlatforms) = preSolution
		Debug|Any CPU = Debug|Any CPU
		Debug|Mixed Platforms = Debug|Mixed Platforms
		Debug|x86 = Debug|x86
		Release|Any CPU = Release|Any CPU
		Release|Mixed Platforms = Release|Mixed Platforms
		Release|x86 = Release|x86
	EndGlobalSection
	GlobalSection(ProjectConfigurationPlatforms) = postSolution
		{1485389C-C21F-4205-906F-5B39D56A742E}.Debug|Any CPU.ActiveCfg = Debug|x86
		{1485389C-C21F-4205-906F-5B39D56A742E}.Debug|Mixed Platforms.ActiveCfg = Debug|x86
		{1485389C-C21F-4205-906F-5B39D56A742E}.Debug|Mixed Platforms.Build.0 = Debug|x86
		{1485389C-C21F-4205-906F-5B39D56A742E}.Debug|x86.ActiveCfg = Debug|x86
		{1485389C-C21F-4205-906F-5B39D56A742E}.Debug|x86.Build.0 = Debug|x86
		{1485389C-C21F-4205-906F-5B39D56A742E}.Release|Any CPU.ActiveCfg = Release|x86
		{1485389C-C21F-4205-906F-5B39D56A742E}.Release|Mixed Platforms.ActiveCfg = Release|x86
		{1485389C-C21F-4205-906F-5B39D56A742E}.Release|Mixed Platforms.Build.0 = Release|x86
		{1485389C-C21F-4205-906F-5B39D56A742E}.Release|x86.ActiveCfg = Release|x86
		{1485389C-C21F-4205-906F-5B39D56A742E}.Release|x86.Build.0 = Release|x86
		{B98A119C-6C18-4821-8D59-40A78871F257}.Debug|Any CPU.ActiveCfg = Debug|Any CPU
		{B98A119C-6C18-4821-8D59-40A78871F257}.Debug|Any CPU.Build.0 = Debug|Any CPU
		{B98A119C-6C18-4821-8D59-40A78871F257}.Debug|Mixed Platforms.ActiveCfg = Debug|Any CPU
		{B98A119C-6C18-4821-8D59-40A78871F257}.Debug|Mixed Platforms.Build.0 = Debug|Any CPU
		{B98A119C-6C18-4821-8D59-40A78871F257}.Debug|x86.ActiveCfg = Debug|Any CPU
		{B98A119C-6C18-4821-8D59-40A78871F257}.Release|Any CPU.ActiveCfg = Release|Any CPU
		{B98A119C-6C18-4821-8D59-40A78871F257}.Release|Any CPU.Build.0 = Release|Any CPU
		{B98A119C-6C18-4821-8D59-40A78871F257}.Release|Mixed Platforms.ActiveCfg = Release|Any CPU
		{B98A119C-6C18-4821-8D59-40A78871F257}.Release|Mixed Platforms.Build.0 = Release|Any CPU
		{B98A119C-6C18-4821-8D59-40A78871F257}.Release|x86.ActiveCfg = Release|Any CPU
	EndGlobalSection
	GlobalSection(SolutionProperties) = preSolution
		HideSolutionNode = FALSE
	EndGlobalSection
EndGlobal
